# This file is automatically @generated by Poetry 1.5.4 and should not be changed by hand.

[[package]]
name = "schedule"
version = "1.2.1"
description = "Job scheduling for humans."
optional = false
python-versions = ">=3.7"
files = [
    {file = "schedule-1.2.1-py2.py3-none-any.whl", hash = "sha256:14cdeb083a596aa1de6dc77639a1b2ac8bf6eaafa82b1c9279d3612823063d01"},
    {file = "schedule-1.2.1.tar.gz", hash = "sha256:843bc0538b99c93f02b8b50e3e39886c06f2d003b24f48e1aa4cadfa3f341279"},
]

[[package]]
name = "slack"
version = "0.0.2"
description = "a DI container"
optional = false
python-versions = "*"
files = [
    {file = "slack-0.0.2.tar.gz", hash = "sha256:e0b0cd3ba730e81aa82eef0973a7970652b99f6445cb71a6dde1d29e6d13b051"},
]

[metadata]
lock-version = "2.0"
python-versions = ">=3.10.0,<3.11"
content-hash = "5e4c91c18fc58e447d58ff6d1c63465bbb8e9139d18b97684cd53bbff8ad460d"
